// !$*UTF8*$!
{
	archiveVersion = 1;
	classes = {
	};
	objectVersion = 50;
	objects = {

/* Begin PBXBuildFile section */
		85052561250DF8A3000509AB /* MagicTabBarViewController.swift in Sources */ = {isa = PBXBuildFile; fileRef = 85052560250DF8A3000509AB /* MagicTabBarViewController.swift */; };
		85B2D81124FBC81500A966D6 /* AppDelegate.swift in Sources */ = {isa = PBXBuildFile; fileRef = 85B2D81024FBC81500A966D6 /* AppDelegate.swift */; };
		85B2D81524FBC81500A966D6 /* ViewController.swift in Sources */ = {isa = PBXBuildFile; fileRef = 85B2D81424FBC81500A966D6 /* ViewController.swift */; };
		85B2D81A24FBC81700A966D6 /* Assets.xcassets in Resources */ = {isa = PBXBuildFile; fileRef = 85B2D81924FBC81700A966D6 /* Assets.xcassets */; };
		85B2D81D24FBC81700A966D6 /* LaunchScreen.storyboard in Resources */ = {isa = PBXBuildFile; fileRef = 85B2D81B24FBC81700A966D6 /* LaunchScreen.storyboard */; };
		85B2D82724FBCA4600A966D6 /* HomeViewController.swift in Sources */ = {isa = PBXBuildFile; fileRef = 85B2D82524FBCA4600A966D6 /* HomeViewController.swift */; };
		85B2D82824FBCA4600A966D6 /* HomeViewController.xib in Resources */ = {isa = PBXBuildFile; fileRef = 85B2D82624FBCA4600A966D6 /* HomeViewController.xib */; };
		85B2D82E24FBD99300A966D6 /* CustomizeView.swift in Sources */ = {isa = PBXBuildFile; fileRef = 85B2D82D24FBD99300A966D6 /* CustomizeView.swift */; };
		85B2D83024FBD9AC00A966D6 /* CustomizeView.xib in Resources */ = {isa = PBXBuildFile; fileRef = 85B2D82F24FBD9AC00A966D6 /* CustomizeView.xib */; };
		85B2D83624FBDDA700A966D6 /* DragableCollectionViewCell.swift in Sources */ = {isa = PBXBuildFile; fileRef = 85B2D83424FBDDA700A966D6 /* DragableCollectionViewCell.swift */; };
		85B2D83724FBDDA700A966D6 /* DragableCollectionViewCell.xib in Resources */ = {isa = PBXBuildFile; fileRef = 85B2D83524FBDDA700A966D6 /* DragableCollectionViewCell.xib */; };
/* End PBXBuildFile section */

/* Begin PBXFileReference section */
		85052560250DF8A3000509AB /* MagicTabBarViewController.swift */ = {isa = PBXFileReference; fileEncoding = 4; lastKnownFileType = sourcecode.swift; path = MagicTabBarViewController.swift; sourceTree = "<group>"; };
		85B2D80D24FBC81500A966D6 /* MagicTabBar.app */ = {isa = PBXFileReference; explicitFileType = wrapper.application; includeInIndex = 0; path = MagicTabBar.app; sourceTree = BUILT_PRODUCTS_DIR; };
		85B2D81024FBC81500A966D6 /* AppDelegate.swift */ = {isa = PBXFileReference; lastKnownFileType = sourcecode.swift; path = AppDelegate.swift; sourceTree = "<group>"; };
		85B2D81424FBC81500A966D6 /* ViewController.swift */ = {isa = PBXFileReference; lastKnownFileType = sourcecode.swift; path = ViewController.swift; sourceTree = "<group>"; };
		85B2D81924FBC81700A966D6 /* Assets.xcassets */ = {isa = PBXFileReference; lastKnownFileType = folder.assetcatalog; path = Assets.xcassets; sourceTree = "<group>"; };
		85B2D81C24FBC81700A966D6 /* Base */ = {isa = PBXFileReference; lastKnownFileType = file.storyboard; name = Base; path = Base.lproj/LaunchScreen.storyboard; sourceTree = "<group>"; };
		85B2D81E24FBC81700A966D6 /* Info.plist */ = {isa = PBXFileReference; lastKnownFileType = text.plist.xml; path = Info.plist; sourceTree = "<group>"; };
		85B2D82524FBCA4600A966D6 /* HomeViewController.swift */ = {isa = PBXFileReference; lastKnownFileType = sourcecode.swift; path = HomeViewController.swift; sourceTree = "<group>"; };
		85B2D82624FBCA4600A966D6 /* HomeViewController.xib */ = {isa = PBXFileReference; lastKnownFileType = file.xib; path = HomeViewController.xib; sourceTree = "<group>"; };
		85B2D82D24FBD99300A966D6 /* CustomizeView.swift */ = {isa = PBXFileReference; lastKnownFileType = sourcecode.swift; path = CustomizeView.swift; sourceTree = "<group>"; };
		85B2D82F24FBD9AC00A966D6 /* CustomizeView.xib */ = {isa = PBXFileReference; lastKnownFileType = file.xib; path = CustomizeView.xib; sourceTree = "<group>"; };
		85B2D83424FBDDA700A966D6 /* DragableCollectionViewCell.swift */ = {isa = PBXFileReference; lastKnownFileType = sourcecode.swift; path = DragableCollectionViewCell.swift; sourceTree = "<group>"; };
		85B2D83524FBDDA700A966D6 /* DragableCollectionViewCell.xib */ = {isa = PBXFileReference; lastKnownFileType = file.xib; path = DragableCollectionViewCell.xib; sourceTree = "<group>"; };
/* End PBXFileReference section */

/* Begin PBXFrameworksBuildPhase section */
		85B2D80A24FBC81500A966D6 /* Frameworks */ = {
			isa = PBXFrameworksBuildPhase;
			buildActionMask = 2147483647;
			files = (
			);
			runOnlyForDeploymentPostprocessing = 0;
		};
/* End PBXFrameworksBuildPhase section */

/* Begin PBXGroup section */
		85B2D80424FBC81500A966D6 = {
			isa = PBXGroup;
			children = (
				85B2D80F24FBC81500A966D6 /* MagicTabBar */,
				85B2D80E24FBC81500A966D6 /* Products */,
			);
			sourceTree = "<group>";
		};
		85B2D80E24FBC81500A966D6 /* Products */ = {
			isa = PBXGroup;
			children = (
				85B2D80D24FBC81500A966D6 /* MagicTabBar.app */,
			);
			name = Products;
			sourceTree = "<group>";
		};
		85B2D80F24FBC81500A966D6 /* MagicTabBar */ = {
			isa = PBXGroup;
			children = (
				85B2D82C24FBD96A00A966D6 /* Source */,
				85B2D82424FBCA2B00A966D6 /* VC */,
				85B2D81024FBC81500A966D6 /* AppDelegate.swift */,
				85B2D81424FBC81500A966D6 /* ViewController.swift */,
				85B2D81924FBC81700A966D6 /* Assets.xcassets */,
				85B2D81B24FBC81700A966D6 /* LaunchScreen.storyboard */,
				85B2D81E24FBC81700A966D6 /* Info.plist */,
			);
			path = MagicTabBar;
			sourceTree = "<group>";
		};
		85B2D82424FBCA2B00A966D6 /* VC */ = {
			isa = PBXGroup;
			children = (
				85B2D82524FBCA4600A966D6 /* HomeViewController.swift */,
				85B2D82624FBCA4600A966D6 /* HomeViewController.xib */,
			);
			path = VC;
			sourceTree = "<group>";
		};
		85B2D82C24FBD96A00A966D6 /* Source */ = {
			isa = PBXGroup;
			children = (
				85052560250DF8A3000509AB /* MagicTabBarViewController.swift */,
				85B2D83324FBDD8B00A966D6 /* Cell */,
				85B2D82D24FBD99300A966D6 /* CustomizeView.swift */,
				85B2D82F24FBD9AC00A966D6 /* CustomizeView.xib */,
			);
			path = Source;
			sourceTree = "<group>";
		};
		85B2D83324FBDD8B00A966D6 /* Cell */ = {
			isa = PBXGroup;
			children = (
				85B2D83424FBDDA700A966D6 /* DragableCollectionViewCell.swift */,
				85B2D83524FBDDA700A966D6 /* DragableCollectionViewCell.xib */,
			);
			path = Cell;
			sourceTree = "<group>";
		};
/* End PBXGroup section */

/* Begin PBXNativeTarget section */
		85B2D80C24FBC81500A966D6 /* MagicTabBar */ = {
			isa = PBXNativeTarget;
			buildConfigurationList = 85B2D82124FBC81700A966D6 /* Build configuration list for PBXNativeTarget "MagicTabBar" */;
			buildPhases = (
				85B2D80924FBC81500A966D6 /* Sources */,
				85B2D80A24FBC81500A966D6 /* Frameworks */,
				85B2D80B24FBC81500A966D6 /* Resources */,
			);
			buildRules = (
			);
			dependencies = (
			);
			name = MagicTabBar;
			productName = MagicTabBar;
			productReference = 85B2D80D24FBC81500A966D6 /* MagicTabBar.app */;
			productType = "com.apple.product-type.application";
		};
/* End PBXNativeTarget section */

/* Begin PBXProject section */
		85B2D80524FBC81500A966D6 /* Project object */ = {
			isa = PBXProject;
			attributes = {
				LastSwiftUpdateCheck = 1150;
				LastUpgradeCheck = 1150;
				ORGANIZATIONNAME = "Dhruvik Dhanani";
				TargetAttributes = {
					85B2D80C24FBC81500A966D6 = {
						CreatedOnToolsVersion = 11.5;
					};
				};
			};
			buildConfigurationList = 85B2D80824FBC81500A966D6 /* Build configuration list for PBXProject "MagicTabBar" */;
			compatibilityVersion = "Xcode 9.3";
			developmentRegion = en;
			hasScannedForEncodings = 0;
			knownRegions = (
				en,
				Base,
			);
			mainGroup = 85B2D80424FBC81500A966D6;
			productRefGroup = 85B2D80E24FBC81500A966D6 /* Products */;
			projectDirPath = "";
			projectRoot = "";
			targets = (
				85B2D80C24FBC81500A966D6 /* MagicTabBar */,
			);
		};
/* End PBXProject section */

/* Begin PBXResourcesBuildPhase section */
		85B2D80B24FBC81500A966D6 /* Resources */ = {
			isa = PBXResourcesBuildPhase;
			buildActionMask = 2147483647;
			files = (
				85B2D83024FBD9AC00A966D6 /* CustomizeView.xib in Resources */,
				85B2D83724FBDDA700A966D6 /* DragableCollectionViewCell.xib in Resources */,
				85B2D81D24FBC81700A966D6 /* LaunchScreen.storyboard in Resources */,
				85B2D81A24FBC81700A966D6 /* Assets.xcassets in Resources */,
				85B2D82824FBCA4600A966D6 /* HomeViewController.xib in Resources */,
			);
			runOnlyForDeploymentPostprocessing = 0;
		};
/* End PBXResourcesBuildPhase section */

/* Begin PBXSourcesBuildPhase section */
		85B2D80924FBC81500A966D6 /* Sources */ = {
			isa = PBXSourcesBuildPhase;
			buildActionMask = 2147483647;
			files = (
				85052561250DF8A3000509AB /* MagicTabBarViewController.swift in Sources */,
				85B2D83624FBDDA700A966D6 /* DragableCollectionViewCell.swift in Sources */,
				85B2D81524FBC81500A966D6 /* ViewController.swift in Sources */,
				85B2D81124FBC81500A966D6 /* AppDelegate.swift in Sources */,
				85B2D82E24FBD99300A966D6 /* CustomizeView.swift in Sources */,
				85B2D82724FBCA4600A966D6 /* HomeViewController.swift in Sources */,
			);
			runOnlyForDeploymentPostprocessing = 0;
		};
/* End PBXSourcesBuildPhase section */

/* Begin PBXVariantGroup section */
		85B2D81B24FBC81700A966D6 /* LaunchScreen.storyboard */ = {
			isa = PBXVariantGroup;
			children = (
				85B2D81C24FBC81700A966D6 /* Base */,
			);
			name = LaunchScreen.storyboard;
			sourceTree = "<group>";
		};
/* End PBXVariantGroup section */

/* Begin XCBuildConfiguration section */
		85B2D81F24FBC81700A966D6 /* Debug */ = {
			isa = XCBuildConfiguration;
			buildSettings = {
				ALWAYS_SEARCH_USER_PATHS = NO;
				CLANG_ANALYZER_NONNULL = YES;
				CLANG_ANALYZER_NUMBER_OBJECT_CONVERSION = YES_AGGRESSIVE;
				CLANG_CXX_LANGUAGE_STANDARD = "gnu++14";
				CLANG_CXX_LIBRARY = "libc++";
				CLANG_ENABLE_MODULES = YES;
				CLANG_ENABLE_OBJC_ARC = YES;
				CLANG_ENABLE_OBJC_WEAK = YES;
				CLANG_WARN_BLOCK_CAPTURE_AUTORELEASING = YES;
				CLANG_WARN_BOOL_CONVERSION = YES;
				CLANG_WARN_COMMA = YES;
				CLANG_WARN_CONSTANT_CONVERSION = YES;
				CLANG_WARN_DEPRECATED_OBJC_IMPLEMENTATIONS = YES;
				CLANG_WARN_DIRECT_OBJC_ISA_USAGE = YES_ERROR;
				CLANG_WARN_DOCUMENTATION_COMMENTS = YES;
				CLANG_WARN_EMPTY_BODY = YES;
				CLANG_WARN_ENUM_CONVERSION = YES;
				CLANG_WARN_INFINITE_RECURSION = YES;
				CLANG_WARN_INT_CONVERSION = YES;
				CLANG_WARN_NON_LITERAL_NULL_CONVERSION = YES;
				CLANG_WARN_OBJC_IMPLICIT_RETAIN_SELF = YES;
				CLANG_WARN_OBJC_LITERAL_CONVERSION = YES;
				CLANG_WARN_OBJC_ROOT_CLASS = YES_ERROR;
				CLANG_WARN_RANGE_LOOP_ANALYSIS = YES;
				CLANG_WARN_STRICT_PROTOTYPES = YES;
				CLANG_WARN_SUSPICIOUS_MOVE = YES;
				CLANG_WARN_UNGUARDED_AVAILABILITY = YES_AGGRESSIVE;
				CLANG_WARN_UNREACHABLE_CODE = YES;
				CLANG_WARN__DUPLICATE_METHOD_MATCH = YES;
				COPY_PHASE_STRIP = NO;
				DEBUG_INFORMATION_FORMAT = dwarf;
				ENABLE_STRICT_OBJC_MSGSEND = YES;
				ENABLE_TESTABILITY = YES;
				GCC_C_LANGUAGE_STANDARD = gnu11;
				GCC_DYNAMIC_NO_PIC = NO;
				GCC_NO_COMMON_BLOCKS = YES;
				GCC_OPTIMIZATION_LEVEL = 0;
				GCC_PREPROCESSOR_DEFINITIONS = (
					"DEBUG=1",
					"$(inherited)",
				);
				GCC_WARN_64_TO_32_BIT_CONVERSION = YES;
				GCC_WARN_ABOUT_RETURN_TYPE = YES_ERROR;
				GCC_WARN_UNDECLARED_SELECTOR = YES;
				GCC_WARN_UNINITIALIZED_AUTOS = YES_AGGRESSIVE;
				GCC_WARN_UNUSED_FUNCTION = YES;
				GCC_WARN_UNUSED_VARIABLE = YES;
				IPHONEOS_DEPLOYMENT_TARGET = 13.5;
				MTL_ENABLE_DEBUG_INFO = INCLUDE_SOURCE;
				MTL_FAST_MATH = YES;
				ONLY_ACTIVE_ARCH = YES;
				SDKROOT = iphoneos;
				SWIFT_ACTIVE_COMPILATION_CONDITIONS = DEBUG;
				SWIFT_OPTIMIZATION_LEVEL = "-Onone";
			};
			name = Debug;
		};
		85B2D82024FBC81700A966D6 /* Release */ = {
			isa = XCBuildConfiguration;
			buildSettings = {
				ALWAYS_SEARCH_USER_PATHS = NO;
				CLANG_ANALYZER_NONNULL = YES;
				CLANG_ANALYZER_NUMBER_OBJECT_CONVERSION = YES_AGGRESSIVE;
				CLANG_CXX_LANGUAGE_STANDARD = "gnu++14";
				CLANG_CXX_LIBRARY = "libc++";
				CLANG_ENABLE_MODULES = YES;
				CLANG_ENABLE_OBJC_ARC = YES;
				CLANG_ENABLE_OBJC_WEAK = YES;
				CLANG_WARN_BLOCK_CAPTURE_AUTORELEASING = YES;
				CLANG_WARN_BOOL_CONVERSION = YES;
				CLANG_WARN_COMMA = YES;
				CLANG_WARN_CONSTANT_CONVERSION = YES;
				CLANG_WARN_DEPRECATED_OBJC_IMPLEMENTATIONS = YES;
				CLANG_WARN_DIRECT_OBJC_ISA_USAGE = YES_ERROR;
				CLANG_WARN_DOCUMENTATION_COMMENTS = YES;
				CLANG_WARN_EMPTY_BODY = YES;
				CLANG_WARN_ENUM_CONVERSION = YES;
				CLANG_WARN_INFINITE_RECURSION = YES;
				CLANG_WARN_INT_CONVERSION = YES;
				CLANG_WARN_NON_LITERAL_NULL_CONVERSION = YES;
				CLANG_WARN_OBJC_IMPLICIT_RETAIN_SELF = YES;
				CLANG_WARN_OBJC_LITERAL_CONVERSION = YES;
				CLANG_WARN_OBJC_ROOT_CLASS = YES_ERROR;
				CLANG_WARN_RANGE_LOOP_ANALYSIS = YES;
				CLANG_WARN_STRICT_PROTOTYPES = YES;
				CLANG_WARN_SUSPICIOUS_MOVE = YES;
				CLANG_WARN_UNGUARDED_AVAILABILITY = YES_AGGRESSIVE;
				CLANG_WARN_UNREACHABLE_CODE = YES;
				CLANG_WARN__DUPLICATE_METHOD_MATCH = YES;
				COPY_PHASE_STRIP = NO;
				DEBUG_INFORMATION_FORMAT = "dwarf-with-dsym";
				ENABLE_NS_ASSERTIONS = NO;
				ENABLE_STRICT_OBJC_MSGSEND = YES;
				GCC_C_LANGUAGE_STANDARD = gnu11;
				GCC_NO_COMMON_BLOCKS = YES;
				GCC_WARN_64_TO_32_BIT_CONVERSION = YES;
				GCC_WARN_ABOUT_RETURN_TYPE = YES_ERROR;
				GCC_WARN_UNDECLARED_SELECTOR = YES;
				GCC_WARN_UNINITIALIZED_AUTOS = YES_AGGRESSIVE;
				GCC_WARN_UNUSED_FUNCTION = YES;
				GCC_WARN_UNUSED_VARIABLE = YES;
				IPHONEOS_DEPLOYMENT_TARGET = 13.5;
				MTL_ENABLE_DEBUG_INFO = NO;
				MTL_FAST_MATH = YES;
				SDKROOT = iphoneos;
				SWIFT_COMPILATION_MODE = wholemodule;
				SWIFT_OPTIMIZATION_LEVEL = "-O";
				VALIDATE_PRODUCT = YES;
			};
			name = Release;
		};
		85B2D82224FBC81700A966D6 /* Debug */ = {
			isa = XCBuildConfiguration;
			buildSettings = {
				ASSETCATALOG_COMPILER_APPICON_NAME = AppIcon;
				CODE_SIGN_IDENTITY = "Apple Development";
				CODE_SIGN_STYLE = Automatic;
				DEVELOPMENT_TEAM = 4L2B8KQ8HQ;
				INFOPLIST_FILE = MagicTabBar/Info.plist;
				IPHONEOS_DEPLOYMENT_TARGET = 11.0;
				LD_RUNPATH_SEARCH_PATHS = (
					"$(inherited)",
					"@executable_path/Frameworks",
				);
				PRODUCT_BUNDLE_IDENTIFIER = Dhruv.MagicTabBar;
				PRODUCT_NAME = "$(TARGET_NAME)";
				PROVISIONING_PROFILE_SPECIFIER = "";
				SWIFT_VERSION = 5.0;
				TARGETED_DEVICE_FAMILY = 1;
			};
			name = Debug;
		};
		85B2D82324FBC81700A966D6 /* Release */ = {
			isa = XCBuildConfiguration;
			buildSettings = {
				ASSETCATALOG_COMPILER_APPICON_NAME = AppIcon;
				CODE_SIGN_IDENTITY = "Apple Development";
				CODE_SIGN_STYLE = Automatic;
				DEVELOPMENT_TEAM = 4L2B8KQ8HQ;
				INFOPLIST_FILE = MagicTabBar/Info.plist;
				IPHONEOS_DEPLOYMENT_TARGET = 11.0;
				LD_RUNPATH_SEARCH_PATHS = (
					"$(inherited)",
					"@executable_path/Frameworks",
				);
				PRODUCT_BUNDLE_IDENTIFIER = Dhruv.MagicTabBar;
				PRODUCT_NAME = "$(TARGET_NAME)";
				PROVISIONING_PROFILE_SPECIFIER = "";
				SWIFT_VERSION = 5.0;
				TARGETED_DEVICE_FAMILY = 1;
			};
			name = Release;
		};
/* End XCBuildConfiguration section */

/* Begin XCConfigurationList section */
		85B2D80824FBC81500A966D6 /* Build configuration list for PBXProject "MagicTabBar" */ = {
			isa = XCConfigurationList;
			buildConfigurations = (
				85B2D81F24FBC81700A966D6 /* Debug */,
				85B2D82024FBC81700A966D6 /* Release */,
			);
			defaultConfigurationIsVisible = 0;
			defaultConfigurationName = Release;
		};
		85B2D82124FBC81700A966D6 /* Build configuration list for PBXNativeTarget "MagicTabBar" */ = {
			isa = XCConfigurationList;
			buildConfigurations = (
				85B2D82224FBC81700A966D6 /* Debug */,
				85B2D82324FBC81700A966D6 /* Release */,
			);
			defaultConfigurationIsVisible = 0;
			defaultConfigurationName = Release;
		};
/* End XCConfigurationList section */
	};
	rootObject = 85B2D80524FBC81500A966D6 /* Project object */;
}
